// !$*UTF8*$!
{
	archiveVersion = 1;
	classes = {
	};
	objectVersion = 46;
	objects = {

/* Begin PBXBuildFile section */
		64BA9E171BA300FC00A70B55 /* main.m in Sources */ = {isa = PBXBuildFile; fileRef = 64BA9E161BA300FC00A70B55 /* main.m */; };
		64BA9E1A1BA300FC00A70B55 /* AppDelegate.m in Sources */ = {isa = PBXBuildFile; fileRef = 64BA9E191BA300FC00A70B55 /* AppDelegate.m */; };
		64BA9E1D1BA300FC00A70B55 /* ViewController.m in Sources */ = {isa = PBXBuildFile; fileRef = 64BA9E1C1BA300FC00A70B55 /* ViewController.m */; };
		64BA9E201BA300FC00A70B55 /* Main.storyboard in Resources */ = {isa = PBXBuildFile; fileRef = 64BA9E1E1BA300FC00A70B55 /* Main.storyboard */; };
		64BA9E231BA300FD00A70B55 /* coreData.xcdatamodeld in Sources */ = {isa = PBXBuildFile; fileRef = 64BA9E211BA300FD00A70B55 /* coreData.xcdatamodeld */; };
		64BA9E251BA300FD00A70B55 /* Assets.xcassets in Resources */ = {isa = PBXBuildFile; fileRef = 64BA9E241BA300FD00A70B55 /* Assets.xcassets */; };
		64BA9E281BA300FD00A70B55 /* LaunchScreen.storyboard in Resources */ = {isa = PBXBuildFile; fileRef = 64BA9E261BA300FD00A70B55 /* LaunchScreen.storyboard */; };
		64BA9E331BA300FD00A70B55 /* coreDataTests.m in Sources */ = {isa = PBXBuildFile; fileRef = 64BA9E321BA300FD00A70B55 /* coreDataTests.m */; };
		64BA9E3E1BA300FD00A70B55 /* coreDataUITests.m in Sources */ = {isa = PBXBuildFile; fileRef = 64BA9E3D1BA300FD00A70B55 /* coreDataUITests.m */; };
		64BA9E531BA307F400A70B55 /* Pessoa+CoreDataProperties.m in Sources */ = {isa = PBXBuildFile; fileRef = 64BA9E4C1BA307F400A70B55 /* Pessoa+CoreDataProperties.m */; settings = {ASSET_TAGS = (); }; };
		64BA9E541BA307F400A70B55 /* Pessoa.m in Sources */ = {isa = PBXBuildFile; fileRef = 64BA9E4E1BA307F400A70B55 /* Pessoa.m */; settings = {ASSET_TAGS = (); }; };
		64BA9E551BA307F400A70B55 /* Empresa+CoreDataProperties.m in Sources */ = {isa = PBXBuildFile; fileRef = 64BA9E501BA307F400A70B55 /* Empresa+CoreDataProperties.m */; settings = {ASSET_TAGS = (); }; };
		64BA9E561BA307F400A70B55 /* Empresa.m in Sources */ = {isa = PBXBuildFile; fileRef = 64BA9E521BA307F400A70B55 /* Empresa.m */; settings = {ASSET_TAGS = (); }; };
/* End PBXBuildFile section */

/* Begin PBXContainerItemProxy section */
		64BA9E2F1BA300FD00A70B55 /* PBXContainerItemProxy */ = {
			isa = PBXContainerItemProxy;
			containerPortal = 64BA9E0A1BA300FC00A70B55 /* Project object */;
			proxyType = 1;
			remoteGlobalIDString = 64BA9E111BA300FC00A70B55;
			remoteInfo = coreData;
		};
		64BA9E3A1BA300FD00A70B55 /* PBXContainerItemProxy */ = {
			isa = PBXContainerItemProxy;
			containerPortal = 64BA9E0A1BA300FC00A70B55 /* Project object */;
			proxyType = 1;
			remoteGlobalIDString = 64BA9E111BA300FC00A70B55;
			remoteInfo = coreData;
		};
/* End PBXContainerItemProxy section */

/* Begin PBXFileReference section */
		64BA9E121BA300FC00A70B55 /* coreData.app */ = {isa = PBXFileReference; explicitFileType = wrapper.application; includeInIndex = 0; path = coreData.app; sourceTree = BUILT_PRODUCTS_DIR; };
		64BA9E161BA300FC00A70B55 /* main.m */ = {isa = PBXFileReference; lastKnownFileType = sourcecode.c.objc; path = main.m; sourceTree = "<group>"; };
		64BA9E181BA300FC00A70B55 /* AppDelegate.h */ = {isa = PBXFileReference; lastKnownFileType = sourcecode.c.h; path = AppDelegate.h; sourceTree = "<group>"; };
		64BA9E191BA300FC00A70B55 /* AppDelegate.m */ = {isa = PBXFileReference; lastKnownFileType = sourcecode.c.objc; path = AppDelegate.m; sourceTree = "<group>"; };
		64BA9E1B1BA300FC00A70B55 /* ViewController.h */ = {isa = PBXFileReference; lastKnownFileType = sourcecode.c.h; path = ViewController.h; sourceTree = "<group>"; };
		64BA9E1C1BA300FC00A70B55 /* ViewController.m */ = {isa = PBXFileReference; lastKnownFileType = sourcecode.c.objc; path = ViewController.m; sourceTree = "<group>"; };
		64BA9E1F1BA300FC00A70B55 /* Base */ = {isa = PBXFileReference; lastKnownFileType = file.storyboard; name = Base; path = Base.lproj/Main.storyboard; sourceTree = "<group>"; };
		64BA9E221BA300FD00A70B55 /* coreData.xcdatamodel */ = {isa = PBXFileReference; lastKnownFileType = wrapper.xcdatamodel; path = coreData.xcdatamodel; sourceTree = "<group>"; };
		64BA9E241BA300FD00A70B55 /* Assets.xcassets */ = {isa = PBXFileReference; lastKnownFileType = folder.assetcatalog; path = Assets.xcassets; sourceTree = "<group>"; };
		64BA9E271BA300FD00A70B55 /* Base */ = {isa = PBXFileReference; lastKnownFileType = file.storyboard; name = Base; path = Base.lproj/LaunchScreen.storyboard; sourceTree = "<group>"; };
		64BA9E291BA300FD00A70B55 /* Info.plist */ = {isa = PBXFileReference; lastKnownFileType = text.plist.xml; path = Info.plist; sourceTree = "<group>"; };
		64BA9E2E1BA300FD00A70B55 /* coreDataTests.xctest */ = {isa = PBXFileReference; explicitFileType = wrapper.cfbundle; includeInIndex = 0; path = coreDataTests.xctest; sourceTree = BUILT_PRODUCTS_DIR; };
		64BA9E321BA300FD00A70B55 /* coreDataTests.m */ = {isa = PBXFileReference; lastKnownFileType = sourcecode.c.objc; path = coreDataTests.m; sourceTree = "<group>"; };
		64BA9E341BA300FD00A70B55 /* Info.plist */ = {isa = PBXFileReference; lastKnownFileType = text.plist.xml; path = Info.plist; sourceTree = "<group>"; };
		64BA9E391BA300FD00A70B55 /* coreDataUITests.xctest */ = {isa = PBXFileReference; explicitFileType = wrapper.cfbundle; includeInIndex = 0; path = coreDataUITests.xctest; sourceTree = BUILT_PRODUCTS_DIR; };
		64BA9E3D1BA300FD00A70B55 /* coreDataUITests.m */ = {isa = PBXFileReference; lastKnownFileType = sourcecode.c.objc; path = coreDataUITests.m; sourceTree = "<group>"; };
		64BA9E3F1BA300FD00A70B55 /* Info.plist */ = {isa = PBXFileReference; lastKnownFileType = text.plist.xml; path = Info.plist; sourceTree = "<group>"; };
		64BA9E4B1BA307F400A70B55 /* Pessoa+CoreDataProperties.h */ = {isa = PBXFileReference; fileEncoding = 4; lastKnownFileType = sourcecode.c.h; path = "Pessoa+CoreDataProperties.h"; sourceTree = "<group>"; };
		64BA9E4C1BA307F400A70B55 /* Pessoa+CoreDataProperties.m */ = {isa = PBXFileReference; fileEncoding = 4; lastKnownFileType = sourcecode.c.objc; path = "Pessoa+CoreDataProperties.m"; sourceTree = "<group>"; };
		64BA9E4D1BA307F400A70B55 /* Pessoa.h */ = {isa = PBXFileReference; fileEncoding = 4; lastKnownFileType = sourcecode.c.h; path = Pessoa.h; sourceTree = "<group>"; };
		64BA9E4E1BA307F400A70B55 /* Pessoa.m */ = {isa = PBXFileReference; fileEncoding = 4; lastKnownFileType = sourcecode.c.objc; path = Pessoa.m; sourceTree = "<group>"; };
		64BA9E4F1BA307F400A70B55 /* Empresa+CoreDataProperties.h */ = {isa = PBXFileReference; fileEncoding = 4; lastKnownFileType = sourcecode.c.h; path = "Empresa+CoreDataProperties.h"; sourceTree = "<group>"; };
		64BA9E501BA307F400A70B55 /* Empresa+CoreDataProperties.m */ = {isa = PBXFileReference; fileEncoding = 4; lastKnownFileType = sourcecode.c.objc; path = "Empresa+CoreDataProperties.m"; sourceTree = "<group>"; };
		64BA9E511BA307F400A70B55 /* Empresa.h */ = {isa = PBXFileReference; fileEncoding = 4; lastKnownFileType = sourcecode.c.h; path = Empresa.h; sourceTree = "<group>"; };
		64BA9E521BA307F400A70B55 /* Empresa.m */ = {isa = PBXFileReference; fileEncoding = 4; lastKnownFileType = sourcecode.c.objc; path = Empresa.m; sourceTree = "<group>"; };
/* End PBXFileReference section */

/* Begin PBXFrameworksBuildPhase section */
		64BA9E0F1BA300FC00A70B55 /* Frameworks */ = {
			isa = PBXFrameworksBuildPhase;
			buildActionMask = 2147483647;
			files = (
			);
			runOnlyForDeploymentPostprocessing = 0;
		};
		64BA9E2B1BA300FD00A70B55 /* Frameworks */ = {
			isa = PBXFrameworksBuildPhase;
			buildActionMask = 2147483647;
			files = (
			);
			runOnlyForDeploymentPostprocessing = 0;
		};
		64BA9E361BA300FD00A70B55 /* Frameworks */ = {
			isa = PBXFrameworksBuildPhase;
			buildActionMask = 2147483647;
			files = (
			);
			runOnlyForDeploymentPostprocessing = 0;
		};
/* End PBXFrameworksBuildPhase section */

/* Begin PBXGroup section */
		64BA9E091BA300FC00A70B55 = {
			isa = PBXGroup;
			children = (
				64BA9E141BA300FC00A70B55 /* coreData */,
				64BA9E311BA300FD00A70B55 /* coreDataTests */,
				64BA9E3C1BA300FD00A70B55 /* coreDataUITests */,
				64BA9E131BA300FC00A70B55 /* Products */,
			);
			sourceTree = "<group>";
		};
		64BA9E131BA300FC00A70B55 /* Products */ = {
			isa = PBXGroup;
			children = (
				64BA9E121BA300FC00A70B55 /* coreData.app */,
				64BA9E2E1BA300FD00A70B55 /* coreDataTests.xctest */,
				64BA9E391BA300FD00A70B55 /* coreDataUITests.xctest */,
			);
			name = Products;
			sourceTree = "<group>";
		};
		64BA9E141BA300FC00A70B55 /* coreData */ = {
			isa = PBXGroup;
			children = (
				64BA9E181BA300FC00A70B55 /* AppDelegate.h */,
				64BA9E191BA300FC00A70B55 /* AppDelegate.m */,
				64BA9E1B1BA300FC00A70B55 /* ViewController.h */,
				64BA9E1C1BA300FC00A70B55 /* ViewController.m */,
				64BA9E1E1BA300FC00A70B55 /* Main.storyboard */,
				64BA9E241BA300FD00A70B55 /* Assets.xcassets */,
				64BA9E261BA300FD00A70B55 /* LaunchScreen.storyboard */,
				64BA9E291BA300FD00A70B55 /* Info.plist */,
				64BA9E211BA300FD00A70B55 /* coreData.xcdatamodeld */,
				64BA9E4B1BA307F400A70B55 /* Pessoa+CoreDataProperties.h */,
				64BA9E4C1BA307F400A70B55 /* Pessoa+CoreDataProperties.m */,
				64BA9E4D1BA307F400A70B55 /* Pessoa.h */,
				64BA9E4E1BA307F400A70B55 /* Pessoa.m */,
				64BA9E4F1BA307F400A70B55 /* Empresa+CoreDataProperties.h */,
				64BA9E501BA307F400A70B55 /* Empresa+CoreDataProperties.m */,
				64BA9E511BA307F400A70B55 /* Empresa.h */,
				64BA9E521BA307F400A70B55 /* Empresa.m */,
				64BA9E151BA300FC00A70B55 /* Supporting Files */,
			);
			path = coreData;
			sourceTree = "<group>";
		};
		64BA9E151BA300FC00A70B55 /* Supporting Files */ = {
			isa = PBXGroup;
			children = (
				64BA9E161BA300FC00A70B55 /* main.m */,
			);
			name = "Supporting Files";
			sourceTree = "<group>";
		};
		64BA9E311BA300FD00A70B55 /* coreDataTests */ = {
			isa = PBXGroup;
			children = (
				64BA9E321BA300FD00A70B55 /* coreDataTests.m */,
				64BA9E341BA300FD00A70B55 /* Info.plist */,
			);
			path = coreDataTests;
			sourceTree = "<group>";
		};
		64BA9E3C1BA300FD00A70B55 /* coreDataUITests */ = {
			isa = PBXGroup;
			children = (
				64BA9E3D1BA300FD00A70B55 /* coreDataUITests.m */,
				64BA9E3F1BA300FD00A70B55 /* Info.plist */,
			);
			path = coreDataUITests;
			sourceTree = "<group>";
		};
/* End PBXGroup section */

/* Begin PBXNativeTarget section */
		64BA9E111BA300FC00A70B55 /* coreData */ = {
			isa = PBXNativeTarget;
			buildConfigurationList = 64BA9E421BA300FD00A70B55 /* Build configuration list for PBXNativeTarget "coreData" */;
			buildPhases = (
				64BA9E0E1BA300FC00A70B55 /* Sources */,
				64BA9E0F1BA300FC00A70B55 /* Frameworks */,
				64BA9E101BA300FC00A70B55 /* Resources */,
			);
			buildRules = (
			);
			dependencies = (
			);
			name = coreData;
			productName = coreData;
			productReference = 64BA9E121BA300FC00A70B55 /* coreData.app */;
			productType = "com.apple.product-type.application";
		};
		64BA9E2D1BA300FD00A70B55 /* coreDataTests */ = {
			isa = PBXNativeTarget;
			buildConfigurationList = 64BA9E451BA300FD00A70B55 /* Build configuration list for PBXNativeTarget "coreDataTests" */;
			buildPhases = (
				64BA9E2A1BA300FD00A70B55 /* Sources */,
				64BA9E2B1BA300FD00A70B55 /* Frameworks */,
				64BA9E2C1BA300FD00A70B55 /* Resources */,
			);
			buildRules = (
			);
			dependencies = (
				64BA9E301BA300FD00A70B55 /* PBXTargetDependency */,
			);
			name = coreDataTests;
			productName = coreDataTests;
			productReference = 64BA9E2E1BA300FD00A70B55 /* coreDataTests.xctest */;
			productType = "com.apple.product-type.bundle.unit-test";
		};
		64BA9E381BA300FD00A70B55 /* coreDataUITests */ = {
			isa = PBXNativeTarget;
			buildConfigurationList = 64BA9E481BA300FD00A70B55 /* Build configuration list for PBXNativeTarget "coreDataUITests" */;
			buildPhases = (
				64BA9E351BA300FD00A70B55 /* Sources */,
				64BA9E361BA300FD00A70B55 /* Frameworks */,
				64BA9E371BA300FD00A70B55 /* Resources */,
			);
			buildRules = (
			);
			dependencies = (
				64BA9E3B1BA300FD00A70B55 /* PBXTargetDependency */,
			);
			name = coreDataUITests;
			productName = coreDataUITests;
			productReference = 64BA9E391BA300FD00A70B55 /* coreDataUITests.xctest */;
			productType = "com.apple.product-type.bundle.ui-testing";
		};
/* End PBXNativeTarget section */

/* Begin PBXProject section */
		64BA9E0A1BA300FC00A70B55 /* Project object */ = {
			isa = PBXProject;
			attributes = {
				LastUpgradeCheck = 0700;
				ORGANIZATIONNAME = "Wallace Goncalves de Oliveira";
				TargetAttributes = {
					64BA9E111BA300FC00A70B55 = {
						CreatedOnToolsVersion = 7.0;
						DevelopmentTeam = 9E5LCY4RP8;
					};
					64BA9E2D1BA300FD00A70B55 = {
						CreatedOnToolsVersion = 7.0;
						DevelopmentTeam = 9E5LCY4RP8;
						TestTargetID = 64BA9E111BA300FC00A70B55;
					};
					64BA9E381BA300FD00A70B55 = {
						CreatedOnToolsVersion = 7.0;
						DevelopmentTeam = 9E5LCY4RP8;
						TestTargetID = 64BA9E111BA300FC00A70B55;
					};
				};
			};
			buildConfigurationList = 64BA9E0D1BA300FC00A70B55 /* Build configuration list for PBXProject "coreData" */;
			compatibilityVersion = "Xcode 3.2";
			developmentRegion = English;
			hasScannedForEncodings = 0;
			knownRegions = (
				en,
				Base,
			);
			mainGroup = 64BA9E091BA300FC00A70B55;
			productRefGroup = 64BA9E131BA300FC00A70B55 /* Products */;
			projectDirPath = "";
			projectRoot = "";
			targets = (
				64BA9E111BA300FC00A70B55 /* coreData */,
				64BA9E2D1BA300FD00A70B55 /* coreDataTests */,
				64BA9E381BA300FD00A70B55 /* coreDataUITests */,
			);
		};
/* End PBXProject section */

/* Begin PBXResourcesBuildPhase section */
		64BA9E101BA300FC00A70B55 /* Resources */ = {
			isa = PBXResourcesBuildPhase;
			buildActionMask = 2147483647;
			files = (
				64BA9E281BA300FD00A70B55 /* LaunchScreen.storyboard in Resources */,
				64BA9E251BA300FD00A70B55 /* Assets.xcassets in Resources */,
				64BA9E201BA300FC00A70B55 /* Main.storyboard in Resources */,
			);
			runOnlyForDeploymentPostprocessing = 0;
		};
		64BA9E2C1BA300FD00A70B55 /* Resources */ = {
			isa = PBXResourcesBuildPhase;
			buildActionMask = 2147483647;
			files = (
			);
			runOnlyForDeploymentPostprocessing = 0;
		};
		64BA9E371BA300FD00A70B55 /* Resources */ = {
			isa = PBXResourcesBuildPhase;
			buildActionMask = 2147483647;
			files = (
			);
			runOnlyForDeploymentPostprocessing = 0;
		};
/* End PBXResourcesBuildPhase section */

/* Begin PBXSourcesBuildPhase section */
		64BA9E0E1BA300FC00A70B55 /* Sources */ = {
			isa = PBXSourcesBuildPhase;
			buildActionMask = 2147483647;
			files = (
				64BA9E231BA300FD00A70B55 /* coreData.xcdatamodeld in Sources */,
				64BA9E561BA307F400A70B55 /* Empresa.m in Sources */,
				64BA9E551BA307F400A70B55 /* Empresa+CoreDataProperties.m in Sources */,
				64BA9E1D1BA300FC00A70B55 /* ViewController.m in Sources */,
				64BA9E1A1BA300FC00A70B55 /* AppDelegate.m in Sources */,
				64BA9E531BA307F400A70B55 /* Pessoa+CoreDataProperties.m in Sources */,
				64BA9E541BA307F400A70B55 /* Pessoa.m in Sources */,
				64BA9E171BA300FC00A70B55 /* main.m in Sources */,
			);
			runOnlyForDeploymentPostprocessing = 0;
		};
		64BA9E2A1BA300FD00A70B55 /* Sources */ = {
			isa = PBXSourcesBuildPhase;
			buildActionMask = 2147483647;
			files = (
				64BA9E331BA300FD00A70B55 /* coreDataTests.m in Sources */,
			);
			runOnlyForDeploymentPostprocessing = 0;
		};
		64BA9E351BA300FD00A70B55 /* Sources */ = {
			isa = PBXSourcesBuildPhase;
			buildActionMask = 2147483647;
			files = (
				64BA9E3E1BA300FD00A70B55 /* coreDataUITests.m in Sources */,
			);
			runOnlyForDeploymentPostprocessing = 0;
		};
/* End PBXSourcesBuildPhase section */

/* Begin PBXTargetDependency section */
		64BA9E301BA300FD00A70B55 /* PBXTargetDependency */ = {
			isa = PBXTargetDependency;
			target = 64BA9E111BA300FC00A70B55 /* coreData */;
			targetProxy = 64BA9E2F1BA300FD00A70B55 /* PBXContainerItemProxy */;
		};
		64BA9E3B1BA300FD00A70B55 /* PBXTargetDependency */ = {
			isa = PBXTargetDependency;
			target = 64BA9E111BA300FC00A70B55 /* coreData */;
			targetProxy = 64BA9E3A1BA300FD00A70B55 /* PBXContainerItemProxy */;
		};
/* End PBXTargetDependency section */

/* Begin PBXVariantGroup section */
		64BA9E1E1BA300FC00A70B55 /* Main.storyboard */ = {
			isa = PBXVariantGroup;
			children = (
				64BA9E1F1BA300FC00A70B55 /* Base */,
			);
			name = Main.storyboard;
			sourceTree = "<group>";
		};
		64BA9E261BA300FD00A70B55 /* LaunchScreen.storyboard */ = {
			isa = PBXVariantGroup;
			children = (
				64BA9E271BA300FD00A70B55 /* Base */,
			);
			name = LaunchScreen.storyboard;
			sourceTree = "<group>";
		};
/* End PBXVariantGroup section */

/* Begin XCBuildConfiguration section */
		64BA9E401BA300FD00A70B55 /* Debug */ = {
			isa = XCBuildConfiguration;
			buildSettings = {
				ALWAYS_SEARCH_USER_PATHS = NO;
				CLANG_CXX_LANGUAGE_STANDARD = "gnu++0x";
				CLANG_CXX_LIBRARY = "libc++";
				CLANG_ENABLE_MODULES = YES;
				CLANG_ENABLE_OBJC_ARC = YES;
				CLANG_WARN_BOOL_CONVERSION = YES;
				CLANG_WARN_CONSTANT_CONVERSION = YES;
				CLANG_WARN_DIRECT_OBJC_ISA_USAGE = YES_ERROR;
				CLANG_WARN_EMPTY_BODY = YES;
				CLANG_WARN_ENUM_CONVERSION = YES;
				CLANG_WARN_INT_CONVERSION = YES;
				CLANG_WARN_OBJC_ROOT_CLASS = YES_ERROR;
				CLANG_WARN_UNREACHABLE_CODE = YES;
				CLANG_WARN__DUPLICATE_METHOD_MATCH = YES;
				"CODE_SIGN_IDENTITY[sdk=iphoneos*]" = "iPhone Developer";
				COPY_PHASE_STRIP = NO;
				DEBUG_INFORMATION_FORMAT = dwarf;
				ENABLE_STRICT_OBJC_MSGSEND = YES;
				ENABLE_TESTABILITY = YES;
				GCC_C_LANGUAGE_STANDARD = gnu99;
				GCC_DYNAMIC_NO_PIC = NO;
				GCC_NO_COMMON_BLOCKS = YES;
				GCC_OPTIMIZATION_LEVEL = 0;
				GCC_PREPROCESSOR_DEFINITIONS = (
					"DEBUG=1",
					"$(inherited)",
				);
				GCC_WARN_64_TO_32_BIT_CONVERSION = YES;
				GCC_WARN_ABOUT_RETURN_TYPE = YES_ERROR;
				GCC_WARN_UNDECLARED_SELECTOR = YES;
				GCC_WARN_UNINITIALIZED_AUTOS = YES_AGGRESSIVE;
				GCC_WARN_UNUSED_FUNCTION = YES;
				GCC_WARN_UNUSED_VARIABLE = YES;
				IPHONEOS_DEPLOYMENT_TARGET = 9.0;
				MTL_ENABLE_DEBUG_INFO = YES;
				ONLY_ACTIVE_ARCH = YES;
				SDKROOT = iphoneos;
			};
			name = Debug;
		};
		64BA9E411BA300FD00A70B55 /* Release */ = {
			isa = XCBuildConfiguration;
			buildSettings = {
				ALWAYS_SEARCH_USER_PATHS = NO;
				CLANG_CXX_LANGUAGE_STANDARD = "gnu++0x";
				CLANG_CXX_LIBRARY = "libc++";
				CLANG_ENABLE_MODULES = YES;
				CLANG_ENABLE_OBJC_ARC = YES;
				CLANG_WARN_BOOL_CONVERSION = YES;
				CLANG_WARN_CONSTANT_CONVERSION = YES;
				CLANG_WARN_DIRECT_OBJC_ISA_USAGE = YES_ERROR;
				CLANG_WARN_EMPTY_BODY = YES;
				CLANG_WARN_ENUM_CONVERSION = YES;
				CLANG_WARN_INT_CONVERSION = YES;
				CLANG_WARN_OBJC_ROOT_CLASS = YES_ERROR;
				CLANG_WARN_UNREACHABLE_CODE = YES;
				CLANG_WARN__DUPLICATE_METHOD_MATCH = YES;
				"CODE_SIGN_IDENTITY[sdk=iphoneos*]" = "iPhone Developer";
				COPY_PHASE_STRIP = NO;
				DEBUG_INFORMATION_FORMAT = "dwarf-with-dsym";
				ENABLE_NS_ASSERTIONS = NO;
				ENABLE_STRICT_OBJC_MSGSEND = YES;
				GCC_C_LANGUAGE_STANDARD = gnu99;
				GCC_NO_COMMON_BLOCKS = YES;
				GCC_WARN_64_TO_32_BIT_CONVERSION = YES;
				GCC_WARN_ABOUT_RETURN_TYPE = YES_ERROR;
				GCC_WARN_UNDECLARED_SELECTOR = YES;
				GCC_WARN_UNINITIALIZED_AUTOS = YES_AGGRESSIVE;
				GCC_WARN_UNUSED_FUNCTION = YES;
				GCC_WARN_UNUSED_VARIABLE = YES;
				IPHONEOS_DEPLOYMENT_TARGET = 9.0;
				MTL_ENABLE_DEBUG_INFO = NO;
				SDKROOT = iphoneos;
				VALIDATE_PRODUCT = YES;
			};
			name = Release;
		};
		64BA9E431BA300FD00A70B55 /* Debug */ = {
			isa = XCBuildConfiguration;
			buildSettings = {
				ASSETCATALOG_COMPILER_APPICON_NAME = AppIcon;
				INFOPLIST_FILE = coreData/Info.plist;
				LD_RUNPATH_SEARCH_PATHS = "$(inherited) @executable_path/Frameworks";
				PRODUCT_BUNDLE_IDENTIFIER = br.com.bitzero.coreData;
				PRODUCT_NAME = "$(TARGET_NAME)";
			};
			name = Debug;
		};
		64BA9E441BA300FD00A70B55 /* Release */ = {
			isa = XCBuildConfiguration;
			buildSettings = {
				ASSETCATALOG_COMPILER_APPICON_NAME = AppIcon;
				INFOPLIST_FILE = coreData/Info.plist;
				LD_RUNPATH_SEARCH_PATHS = "$(inherited) @executable_path/Frameworks";
				PRODUCT_BUNDLE_IDENTIFIER = br.com.bitzero.coreData;
				PRODUCT_NAME = "$(TARGET_NAME)";
			};
			name = Release;
		};
		64BA9E461BA300FD00A70B55 /* Debug */ = {
			isa = XCBuildConfiguration;
			buildSettings = {
				BUNDLE_LOADER = "$(TEST_HOST)";
				INFOPLIST_FILE = coreDataTests/Info.plist;
				LD_RUNPATH_SEARCH_PATHS = "$(inherited) @executable_path/Frameworks @loader_path/Frameworks";
				PRODUCT_BUNDLE_IDENTIFIER = br.com.bitzero.coreDataTests;
				PRODUCT_NAME = "$(TARGET_NAME)";
				TEST_HOST = "$(BUILT_PRODUCTS_DIR)/coreData.app/coreData";
			};
			name = Debug;
		};
		64BA9E471BA300FD00A70B55 /* Release */ = {
			isa = XCBuildConfiguration;
			buildSettings = {
				BUNDLE_LOADER = "$(TEST_HOST)";
				INFOPLIST_FILE = coreDataTests/Info.plist;
				LD_RUNPATH_SEARCH_PATHS = "$(inherited) @executable_path/Frameworks @loader_path/Frameworks";
				PRODUCT_BUNDLE_IDENTIFIER = br.com.bitzero.coreDataTests;
				PRODUCT_NAME = "$(TARGET_NAME)";
				TEST_HOST = "$(BUILT_PRODUCTS_DIR)/coreData.app/coreData";
			};
			name = Release;
		};
		64BA9E491BA300FD00A70B55 /* Debug */ = {
			isa = XCBuildConfiguration;
			buildSettings = {
				INFOPLIST_FILE = coreDataUITests/Info.plist;
				LD_RUNPATH_SEARCH_PATHS = "$(inherited) @executable_path/Frameworks @loader_path/Frameworks";
				PRODUCT_BUNDLE_IDENTIFIER = br.com.bitzero.coreDataUITests;
				PRODUCT_NAME = "$(TARGET_NAME)";
				TEST_TARGET_NAME = coreData;
				USES_XCTRUNNER = YES;
			};
			name = Debug;
		};
		64BA9E4A1BA300FD00A70B55 /* Release */ = {
			isa = XCBuildConfiguration;
			buildSettings = {
				INFOPLIST_FILE = coreDataUITests/Info.plist;
				LD_RUNPATH_SEARCH_PATHS = "$(inherited) @executable_path/Frameworks @loader_path/Frameworks";
				PRODUCT_BUNDLE_IDENTIFIER = br.com.bitzero.coreDataUITests;
				PRODUCT_NAME = "$(TARGET_NAME)";
				TEST_TARGET_NAME = coreData;
				USES_XCTRUNNER = YES;
			};
			name = Release;
		};
/* End XCBuildConfiguration section */

/* Begin XCConfigurationList section */
		64BA9E0D1BA300FC00A70B55 /* Build configuration list for PBXProject "coreData" */ = {
			isa = XCConfigurationList;
			buildConfigurations = (
				64BA9E401BA300FD00A70B55 /* Debug */,
				64BA9E411BA300FD00A70B55 /* Release */,
			);
			defaultConfigurationIsVisible = 0;
			defaultConfigurationName = Release;
		};
		64BA9E421BA300FD00A70B55 /* Build configuration list for PBXNativeTarget "coreData" */ = {
			isa = XCConfigurationList;
			buildConfigurations = (
				64BA9E431BA300FD00A70B55 /* Debug */,
				64BA9E441BA300FD00A70B55 /* Release */,
			);
			defaultConfigurationIsVisible = 0;
		};
		64BA9E451BA300FD00A70B55 /* Build configuration list for PBXNativeTarget "coreDataTests" */ = {
			isa = XCConfigurationList;
			buildConfigurations = (
				64BA9E461BA300FD00A70B55 /* Debug */,
				64BA9E471BA300FD00A70B55 /* Release */,
			);
			defaultConfigurationIsVisible = 0;
		};
		64BA9E481BA300FD00A70B55 /* Build configuration list for PBXNativeTarget "coreDataUITests" */ = {
			isa = XCConfigurationList;
			buildConfigurations = (
				64BA9E491BA300FD00A70B55 /* Debug */,
				64BA9E4A1BA300FD00A70B55 /* Release */,
			);
			defaultConfigurationIsVisible = 0;
		};
/* End XCConfigurationList section */

/* Begin XCVersionGroup section */
		64BA9E211BA300FD00A70B55 /* coreData.xcdatamodeld */ = {
			isa = XCVersionGroup;
			children = (
				64BA9E221BA300FD00A70B55 /* coreData.xcdatamodel */,
			);
			currentVersion = 64BA9E221BA300FD00A70B55 /* coreData.xcdatamodel */;
			path = coreData.xcdatamodeld;
			sourceTree = "<group>";
			versionGroupType = wrapper.xcdatamodel;
		};
/* End XCVersionGroup section */
	};
	rootObject = 64BA9E0A1BA300FC00A70B55 /* Project object */;
}
