// !$*UTF8*$!
{
	archiveVersion = 1;
	classes = {
	};
	objectVersion = 46;
	objects = {

/* Begin PBXBuildFile section */
		64A326721B99D3C000FFF40F /* main.m in Sources */ = {isa = PBXBuildFile; fileRef = 64A326711B99D3C000FFF40F /* main.m */; };
		64A326751B99D3C000FFF40F /* AppDelegate.m in Sources */ = {isa = PBXBuildFile; fileRef = 64A326741B99D3C000FFF40F /* AppDelegate.m */; };
		64A326781B99D3C000FFF40F /* ViewController.m in Sources */ = {isa = PBXBuildFile; fileRef = 64A326771B99D3C000FFF40F /* ViewController.m */; };
		64A3267B1B99D3C000FFF40F /* Main.storyboard in Resources */ = {isa = PBXBuildFile; fileRef = 64A326791B99D3C000FFF40F /* Main.storyboard */; };
		64A3267D1B99D3C000FFF40F /* Images.xcassets in Resources */ = {isa = PBXBuildFile; fileRef = 64A3267C1B99D3C000FFF40F /* Images.xcassets */; };
		64A326801B99D3C000FFF40F /* LaunchScreen.xib in Resources */ = {isa = PBXBuildFile; fileRef = 64A3267E1B99D3C000FFF40F /* LaunchScreen.xib */; };
		64A3268C1B99D3C000FFF40F /* serializacaoTests.m in Sources */ = {isa = PBXBuildFile; fileRef = 64A3268B1B99D3C000FFF40F /* serializacaoTests.m */; };
		64A326971B99D4C500FFF40F /* Post.m in Sources */ = {isa = PBXBuildFile; fileRef = 64A326961B99D4C500FFF40F /* Post.m */; };
/* End PBXBuildFile section */

/* Begin PBXContainerItemProxy section */
		64A326861B99D3C000FFF40F /* PBXContainerItemProxy */ = {
			isa = PBXContainerItemProxy;
			containerPortal = 64A326641B99D3C000FFF40F /* Project object */;
			proxyType = 1;
			remoteGlobalIDString = 64A3266B1B99D3C000FFF40F;
			remoteInfo = serializacao;
		};
/* End PBXContainerItemProxy section */

/* Begin PBXFileReference section */
		64A3266C1B99D3C000FFF40F /* serializacao.app */ = {isa = PBXFileReference; explicitFileType = wrapper.application; includeInIndex = 0; path = serializacao.app; sourceTree = BUILT_PRODUCTS_DIR; };
		64A326701B99D3C000FFF40F /* Info.plist */ = {isa = PBXFileReference; lastKnownFileType = text.plist.xml; path = Info.plist; sourceTree = "<group>"; };
		64A326711B99D3C000FFF40F /* main.m */ = {isa = PBXFileReference; lastKnownFileType = sourcecode.c.objc; path = main.m; sourceTree = "<group>"; };
		64A326731B99D3C000FFF40F /* AppDelegate.h */ = {isa = PBXFileReference; lastKnownFileType = sourcecode.c.h; path = AppDelegate.h; sourceTree = "<group>"; };
		64A326741B99D3C000FFF40F /* AppDelegate.m */ = {isa = PBXFileReference; lastKnownFileType = sourcecode.c.objc; path = AppDelegate.m; sourceTree = "<group>"; };
		64A326761B99D3C000FFF40F /* ViewController.h */ = {isa = PBXFileReference; lastKnownFileType = sourcecode.c.h; path = ViewController.h; sourceTree = "<group>"; };
		64A326771B99D3C000FFF40F /* ViewController.m */ = {isa = PBXFileReference; lastKnownFileType = sourcecode.c.objc; path = ViewController.m; sourceTree = "<group>"; };
		64A3267A1B99D3C000FFF40F /* Base */ = {isa = PBXFileReference; lastKnownFileType = file.storyboard; name = Base; path = Base.lproj/Main.storyboard; sourceTree = "<group>"; };
		64A3267C1B99D3C000FFF40F /* Images.xcassets */ = {isa = PBXFileReference; lastKnownFileType = folder.assetcatalog; path = Images.xcassets; sourceTree = "<group>"; };
		64A3267F1B99D3C000FFF40F /* Base */ = {isa = PBXFileReference; lastKnownFileType = file.xib; name = Base; path = Base.lproj/LaunchScreen.xib; sourceTree = "<group>"; };
		64A326851B99D3C000FFF40F /* serializacaoTests.xctest */ = {isa = PBXFileReference; explicitFileType = wrapper.cfbundle; includeInIndex = 0; path = serializacaoTests.xctest; sourceTree = BUILT_PRODUCTS_DIR; };
		64A3268A1B99D3C000FFF40F /* Info.plist */ = {isa = PBXFileReference; lastKnownFileType = text.plist.xml; path = Info.plist; sourceTree = "<group>"; };
		64A3268B1B99D3C000FFF40F /* serializacaoTests.m */ = {isa = PBXFileReference; lastKnownFileType = sourcecode.c.objc; path = serializacaoTests.m; sourceTree = "<group>"; };
		64A326951B99D4C500FFF40F /* Post.h */ = {isa = PBXFileReference; fileEncoding = 4; lastKnownFileType = sourcecode.c.h; path = Post.h; sourceTree = "<group>"; };
		64A326961B99D4C500FFF40F /* Post.m */ = {isa = PBXFileReference; fileEncoding = 4; lastKnownFileType = sourcecode.c.objc; path = Post.m; sourceTree = "<group>"; };
/* End PBXFileReference section */

/* Begin PBXFrameworksBuildPhase section */
		64A326691B99D3C000FFF40F /* Frameworks */ = {
			isa = PBXFrameworksBuildPhase;
			buildActionMask = 2147483647;
			files = (
			);
			runOnlyForDeploymentPostprocessing = 0;
		};
		64A326821B99D3C000FFF40F /* Frameworks */ = {
			isa = PBXFrameworksBuildPhase;
			buildActionMask = 2147483647;
			files = (
			);
			runOnlyForDeploymentPostprocessing = 0;
		};
/* End PBXFrameworksBuildPhase section */

/* Begin PBXGroup section */
		64A326631B99D3C000FFF40F = {
			isa = PBXGroup;
			children = (
				64A3266E1B99D3C000FFF40F /* serializacao */,
				64A326881B99D3C000FFF40F /* serializacaoTests */,
				64A3266D1B99D3C000FFF40F /* Products */,
			);
			sourceTree = "<group>";
		};
		64A3266D1B99D3C000FFF40F /* Products */ = {
			isa = PBXGroup;
			children = (
				64A3266C1B99D3C000FFF40F /* serializacao.app */,
				64A326851B99D3C000FFF40F /* serializacaoTests.xctest */,
			);
			name = Products;
			sourceTree = "<group>";
		};
		64A3266E1B99D3C000FFF40F /* serializacao */ = {
			isa = PBXGroup;
			children = (
				64A326731B99D3C000FFF40F /* AppDelegate.h */,
				64A326741B99D3C000FFF40F /* AppDelegate.m */,
				64A326761B99D3C000FFF40F /* ViewController.h */,
				64A326771B99D3C000FFF40F /* ViewController.m */,
				64A326791B99D3C000FFF40F /* Main.storyboard */,
				64A326951B99D4C500FFF40F /* Post.h */,
				64A326961B99D4C500FFF40F /* Post.m */,
				64A3267C1B99D3C000FFF40F /* Images.xcassets */,
				64A3267E1B99D3C000FFF40F /* LaunchScreen.xib */,
				64A3266F1B99D3C000FFF40F /* Supporting Files */,
			);
			path = serializacao;
			sourceTree = "<group>";
		};
		64A3266F1B99D3C000FFF40F /* Supporting Files */ = {
			isa = PBXGroup;
			children = (
				64A326701B99D3C000FFF40F /* Info.plist */,
				64A326711B99D3C000FFF40F /* main.m */,
			);
			name = "Supporting Files";
			sourceTree = "<group>";
		};
		64A326881B99D3C000FFF40F /* serializacaoTests */ = {
			isa = PBXGroup;
			children = (
				64A3268B1B99D3C000FFF40F /* serializacaoTests.m */,
				64A326891B99D3C000FFF40F /* Supporting Files */,
			);
			path = serializacaoTests;
			sourceTree = "<group>";
		};
		64A326891B99D3C000FFF40F /* Supporting Files */ = {
			isa = PBXGroup;
			children = (
				64A3268A1B99D3C000FFF40F /* Info.plist */,
			);
			name = "Supporting Files";
			sourceTree = "<group>";
		};
/* End PBXGroup section */

/* Begin PBXNativeTarget section */
		64A3266B1B99D3C000FFF40F /* serializacao */ = {
			isa = PBXNativeTarget;
			buildConfigurationList = 64A3268F1B99D3C000FFF40F /* Build configuration list for PBXNativeTarget "serializacao" */;
			buildPhases = (
				64A326681B99D3C000FFF40F /* Sources */,
				64A326691B99D3C000FFF40F /* Frameworks */,
				64A3266A1B99D3C000FFF40F /* Resources */,
			);
			buildRules = (
			);
			dependencies = (
			);
			name = serializacao;
			productName = serializacao;
			productReference = 64A3266C1B99D3C000FFF40F /* serializacao.app */;
			productType = "com.apple.product-type.application";
		};
		64A326841B99D3C000FFF40F /* serializacaoTests */ = {
			isa = PBXNativeTarget;
			buildConfigurationList = 64A326921B99D3C000FFF40F /* Build configuration list for PBXNativeTarget "serializacaoTests" */;
			buildPhases = (
				64A326811B99D3C000FFF40F /* Sources */,
				64A326821B99D3C000FFF40F /* Frameworks */,
				64A326831B99D3C000FFF40F /* Resources */,
			);
			buildRules = (
			);
			dependencies = (
				64A326871B99D3C000FFF40F /* PBXTargetDependency */,
			);
			name = serializacaoTests;
			productName = serializacaoTests;
			productReference = 64A326851B99D3C000FFF40F /* serializacaoTests.xctest */;
			productType = "com.apple.product-type.bundle.unit-test";
		};
/* End PBXNativeTarget section */

/* Begin PBXProject section */
		64A326641B99D3C000FFF40F /* Project object */ = {
			isa = PBXProject;
			attributes = {
				LastUpgradeCheck = 0640;
				ORGANIZATIONNAME = "Wallace Goncalves de Oliveira";
				TargetAttributes = {
					64A3266B1B99D3C000FFF40F = {
						CreatedOnToolsVersion = 6.4;
					};
					64A326841B99D3C000FFF40F = {
						CreatedOnToolsVersion = 6.4;
						TestTargetID = 64A3266B1B99D3C000FFF40F;
					};
				};
			};
			buildConfigurationList = 64A326671B99D3C000FFF40F /* Build configuration list for PBXProject "serializacao" */;
			compatibilityVersion = "Xcode 3.2";
			developmentRegion = English;
			hasScannedForEncodings = 0;
			knownRegions = (
				en,
				Base,
			);
			mainGroup = 64A326631B99D3C000FFF40F;
			productRefGroup = 64A3266D1B99D3C000FFF40F /* Products */;
			projectDirPath = "";
			projectRoot = "";
			targets = (
				64A3266B1B99D3C000FFF40F /* serializacao */,
				64A326841B99D3C000FFF40F /* serializacaoTests */,
			);
		};
/* End PBXProject section */

/* Begin PBXResourcesBuildPhase section */
		64A3266A1B99D3C000FFF40F /* Resources */ = {
			isa = PBXResourcesBuildPhase;
			buildActionMask = 2147483647;
			files = (
				64A3267B1B99D3C000FFF40F /* Main.storyboard in Resources */,
				64A326801B99D3C000FFF40F /* LaunchScreen.xib in Resources */,
				64A3267D1B99D3C000FFF40F /* Images.xcassets in Resources */,
			);
			runOnlyForDeploymentPostprocessing = 0;
		};
		64A326831B99D3C000FFF40F /* Resources */ = {
			isa = PBXResourcesBuildPhase;
			buildActionMask = 2147483647;
			files = (
			);
			runOnlyForDeploymentPostprocessing = 0;
		};
/* End PBXResourcesBuildPhase section */

/* Begin PBXSourcesBuildPhase section */
		64A326681B99D3C000FFF40F /* Sources */ = {
			isa = PBXSourcesBuildPhase;
			buildActionMask = 2147483647;
			files = (
				64A326781B99D3C000FFF40F /* ViewController.m in Sources */,
				64A326751B99D3C000FFF40F /* AppDelegate.m in Sources */,
				64A326721B99D3C000FFF40F /* main.m in Sources */,
				64A326971B99D4C500FFF40F /* Post.m in Sources */,
			);
			runOnlyForDeploymentPostprocessing = 0;
		};
		64A326811B99D3C000FFF40F /* Sources */ = {
			isa = PBXSourcesBuildPhase;
			buildActionMask = 2147483647;
			files = (
				64A3268C1B99D3C000FFF40F /* serializacaoTests.m in Sources */,
			);
			runOnlyForDeploymentPostprocessing = 0;
		};
/* End PBXSourcesBuildPhase section */

/* Begin PBXTargetDependency section */
		64A326871B99D3C000FFF40F /* PBXTargetDependency */ = {
			isa = PBXTargetDependency;
			target = 64A3266B1B99D3C000FFF40F /* serializacao */;
			targetProxy = 64A326861B99D3C000FFF40F /* PBXContainerItemProxy */;
		};
/* End PBXTargetDependency section */

/* Begin PBXVariantGroup section */
		64A326791B99D3C000FFF40F /* Main.storyboard */ = {
			isa = PBXVariantGroup;
			children = (
				64A3267A1B99D3C000FFF40F /* Base */,
			);
			name = Main.storyboard;
			sourceTree = "<group>";
		};
		64A3267E1B99D3C000FFF40F /* LaunchScreen.xib */ = {
			isa = PBXVariantGroup;
			children = (
				64A3267F1B99D3C000FFF40F /* Base */,
			);
			name = LaunchScreen.xib;
			sourceTree = "<group>";
		};
/* End PBXVariantGroup section */

/* Begin XCBuildConfiguration section */
		64A3268D1B99D3C000FFF40F /* Debug */ = {
			isa = XCBuildConfiguration;
			buildSettings = {
				ALWAYS_SEARCH_USER_PATHS = NO;
				CLANG_CXX_LANGUAGE_STANDARD = "gnu++0x";
				CLANG_CXX_LIBRARY = "libc++";
				CLANG_ENABLE_MODULES = YES;
				CLANG_ENABLE_OBJC_ARC = YES;
				CLANG_WARN_BOOL_CONVERSION = YES;
				CLANG_WARN_CONSTANT_CONVERSION = YES;
				CLANG_WARN_DIRECT_OBJC_ISA_USAGE = YES_ERROR;
				CLANG_WARN_EMPTY_BODY = YES;
				CLANG_WARN_ENUM_CONVERSION = YES;
				CLANG_WARN_INT_CONVERSION = YES;
				CLANG_WARN_OBJC_ROOT_CLASS = YES_ERROR;
				CLANG_WARN_UNREACHABLE_CODE = YES;
				CLANG_WARN__DUPLICATE_METHOD_MATCH = YES;
				"CODE_SIGN_IDENTITY[sdk=iphoneos*]" = "iPhone Developer";
				COPY_PHASE_STRIP = NO;
				DEBUG_INFORMATION_FORMAT = "dwarf-with-dsym";
				ENABLE_STRICT_OBJC_MSGSEND = YES;
				GCC_C_LANGUAGE_STANDARD = gnu99;
				GCC_DYNAMIC_NO_PIC = NO;
				GCC_NO_COMMON_BLOCKS = YES;
				GCC_OPTIMIZATION_LEVEL = 0;
				GCC_PREPROCESSOR_DEFINITIONS = (
					"DEBUG=1",
					"$(inherited)",
				);
				GCC_SYMBOLS_PRIVATE_EXTERN = NO;
				GCC_WARN_64_TO_32_BIT_CONVERSION = YES;
				GCC_WARN_ABOUT_RETURN_TYPE = YES_ERROR;
				GCC_WARN_UNDECLARED_SELECTOR = YES;
				GCC_WARN_UNINITIALIZED_AUTOS = YES_AGGRESSIVE;
				GCC_WARN_UNUSED_FUNCTION = YES;
				GCC_WARN_UNUSED_VARIABLE = YES;
				IPHONEOS_DEPLOYMENT_TARGET = 8.4;
				MTL_ENABLE_DEBUG_INFO = YES;
				ONLY_ACTIVE_ARCH = YES;
				SDKROOT = iphoneos;
			};
			name = Debug;
		};
		64A3268E1B99D3C000FFF40F /* Release */ = {
			isa = XCBuildConfiguration;
			buildSettings = {
				ALWAYS_SEARCH_USER_PATHS = NO;
				CLANG_CXX_LANGUAGE_STANDARD = "gnu++0x";
				CLANG_CXX_LIBRARY = "libc++";
				CLANG_ENABLE_MODULES = YES;
				CLANG_ENABLE_OBJC_ARC = YES;
				CLANG_WARN_BOOL_CONVERSION = YES;
				CLANG_WARN_CONSTANT_CONVERSION = YES;
				CLANG_WARN_DIRECT_OBJC_ISA_USAGE = YES_ERROR;
				CLANG_WARN_EMPTY_BODY = YES;
				CLANG_WARN_ENUM_CONVERSION = YES;
				CLANG_WARN_INT_CONVERSION = YES;
				CLANG_WARN_OBJC_ROOT_CLASS = YES_ERROR;
				CLANG_WARN_UNREACHABLE_CODE = YES;
				CLANG_WARN__DUPLICATE_METHOD_MATCH = YES;
				"CODE_SIGN_IDENTITY[sdk=iphoneos*]" = "iPhone Developer";
				COPY_PHASE_STRIP = NO;
				DEBUG_INFORMATION_FORMAT = "dwarf-with-dsym";
				ENABLE_NS_ASSERTIONS = NO;
				ENABLE_STRICT_OBJC_MSGSEND = YES;
				GCC_C_LANGUAGE_STANDARD = gnu99;
				GCC_NO_COMMON_BLOCKS = YES;
				GCC_WARN_64_TO_32_BIT_CONVERSION = YES;
				GCC_WARN_ABOUT_RETURN_TYPE = YES_ERROR;
				GCC_WARN_UNDECLARED_SELECTOR = YES;
				GCC_WARN_UNINITIALIZED_AUTOS = YES_AGGRESSIVE;
				GCC_WARN_UNUSED_FUNCTION = YES;
				GCC_WARN_UNUSED_VARIABLE = YES;
				IPHONEOS_DEPLOYMENT_TARGET = 8.4;
				MTL_ENABLE_DEBUG_INFO = NO;
				SDKROOT = iphoneos;
				VALIDATE_PRODUCT = YES;
			};
			name = Release;
		};
		64A326901B99D3C000FFF40F /* Debug */ = {
			isa = XCBuildConfiguration;
			buildSettings = {
				ASSETCATALOG_COMPILER_APPICON_NAME = AppIcon;
				INFOPLIST_FILE = serializacao/Info.plist;
				LD_RUNPATH_SEARCH_PATHS = "$(inherited) @executable_path/Frameworks";
				PRODUCT_NAME = "$(TARGET_NAME)";
			};
			name = Debug;
		};
		64A326911B99D3C000FFF40F /* Release */ = {
			isa = XCBuildConfiguration;
			buildSettings = {
				ASSETCATALOG_COMPILER_APPICON_NAME = AppIcon;
				INFOPLIST_FILE = serializacao/Info.plist;
				LD_RUNPATH_SEARCH_PATHS = "$(inherited) @executable_path/Frameworks";
				PRODUCT_NAME = "$(TARGET_NAME)";
			};
			name = Release;
		};
		64A326931B99D3C000FFF40F /* Debug */ = {
			isa = XCBuildConfiguration;
			buildSettings = {
				BUNDLE_LOADER = "$(TEST_HOST)";
				FRAMEWORK_SEARCH_PATHS = (
					"$(SDKROOT)/Developer/Library/Frameworks",
					"$(inherited)",
				);
				GCC_PREPROCESSOR_DEFINITIONS = (
					"DEBUG=1",
					"$(inherited)",
				);
				INFOPLIST_FILE = serializacaoTests/Info.plist;
				LD_RUNPATH_SEARCH_PATHS = "$(inherited) @executable_path/Frameworks @loader_path/Frameworks";
				PRODUCT_NAME = "$(TARGET_NAME)";
				TEST_HOST = "$(BUILT_PRODUCTS_DIR)/serializacao.app/serializacao";
			};
			name = Debug;
		};
		64A326941B99D3C000FFF40F /* Release */ = {
			isa = XCBuildConfiguration;
			buildSettings = {
				BUNDLE_LOADER = "$(TEST_HOST)";
				FRAMEWORK_SEARCH_PATHS = (
					"$(SDKROOT)/Developer/Library/Frameworks",
					"$(inherited)",
				);
				INFOPLIST_FILE = serializacaoTests/Info.plist;
				LD_RUNPATH_SEARCH_PATHS = "$(inherited) @executable_path/Frameworks @loader_path/Frameworks";
				PRODUCT_NAME = "$(TARGET_NAME)";
				TEST_HOST = "$(BUILT_PRODUCTS_DIR)/serializacao.app/serializacao";
			};
			name = Release;
		};
/* End XCBuildConfiguration section */

/* Begin XCConfigurationList section */
		64A326671B99D3C000FFF40F /* Build configuration list for PBXProject "serializacao" */ = {
			isa = XCConfigurationList;
			buildConfigurations = (
				64A3268D1B99D3C000FFF40F /* Debug */,
				64A3268E1B99D3C000FFF40F /* Release */,
			);
			defaultConfigurationIsVisible = 0;
			defaultConfigurationName = Release;
		};
		64A3268F1B99D3C000FFF40F /* Build configuration list for PBXNativeTarget "serializacao" */ = {
			isa = XCConfigurationList;
			buildConfigurations = (
				64A326901B99D3C000FFF40F /* Debug */,
				64A326911B99D3C000FFF40F /* Release */,
			);
			defaultConfigurationIsVisible = 0;
		};
		64A326921B99D3C000FFF40F /* Build configuration list for PBXNativeTarget "serializacaoTests" */ = {
			isa = XCConfigurationList;
			buildConfigurations = (
				64A326931B99D3C000FFF40F /* Debug */,
				64A326941B99D3C000FFF40F /* Release */,
			);
			defaultConfigurationIsVisible = 0;
		};
/* End XCConfigurationList section */
	};
	rootObject = 64A326641B99D3C000FFF40F /* Project object */;
}
