// !$*UTF8*$!
{
	archiveVersion = 1;
	classes = {
	};
	objectVersion = 46;
	objects = {

/* Begin PBXBuildFile section */
		648914CF1B8CC56B0078F055 /* main.m in Sources */ = {isa = PBXBuildFile; fileRef = 648914CE1B8CC56B0078F055 /* main.m */; };
		648914D21B8CC56B0078F055 /* AppDelegate.m in Sources */ = {isa = PBXBuildFile; fileRef = 648914D11B8CC56B0078F055 /* AppDelegate.m */; };
		648914D51B8CC56B0078F055 /* ViewController.m in Sources */ = {isa = PBXBuildFile; fileRef = 648914D41B8CC56B0078F055 /* ViewController.m */; };
		648914D81B8CC56B0078F055 /* Main.storyboard in Resources */ = {isa = PBXBuildFile; fileRef = 648914D61B8CC56B0078F055 /* Main.storyboard */; };
		648914DA1B8CC56B0078F055 /* Images.xcassets in Resources */ = {isa = PBXBuildFile; fileRef = 648914D91B8CC56B0078F055 /* Images.xcassets */; };
		648914DD1B8CC56B0078F055 /* LaunchScreen.xib in Resources */ = {isa = PBXBuildFile; fileRef = 648914DB1B8CC56B0078F055 /* LaunchScreen.xib */; };
		648914E91B8CC56B0078F055 /* scrollViewTests.m in Sources */ = {isa = PBXBuildFile; fileRef = 648914E81B8CC56B0078F055 /* scrollViewTests.m */; };
/* End PBXBuildFile section */

/* Begin PBXContainerItemProxy section */
		648914E31B8CC56B0078F055 /* PBXContainerItemProxy */ = {
			isa = PBXContainerItemProxy;
			containerPortal = 648914C11B8CC56B0078F055 /* Project object */;
			proxyType = 1;
			remoteGlobalIDString = 648914C81B8CC56B0078F055;
			remoteInfo = scrollView;
		};
/* End PBXContainerItemProxy section */

/* Begin PBXFileReference section */
		648914C91B8CC56B0078F055 /* scrollView.app */ = {isa = PBXFileReference; explicitFileType = wrapper.application; includeInIndex = 0; path = scrollView.app; sourceTree = BUILT_PRODUCTS_DIR; };
		648914CD1B8CC56B0078F055 /* Info.plist */ = {isa = PBXFileReference; lastKnownFileType = text.plist.xml; path = Info.plist; sourceTree = "<group>"; };
		648914CE1B8CC56B0078F055 /* main.m */ = {isa = PBXFileReference; lastKnownFileType = sourcecode.c.objc; path = main.m; sourceTree = "<group>"; };
		648914D01B8CC56B0078F055 /* AppDelegate.h */ = {isa = PBXFileReference; lastKnownFileType = sourcecode.c.h; path = AppDelegate.h; sourceTree = "<group>"; };
		648914D11B8CC56B0078F055 /* AppDelegate.m */ = {isa = PBXFileReference; lastKnownFileType = sourcecode.c.objc; path = AppDelegate.m; sourceTree = "<group>"; };
		648914D31B8CC56B0078F055 /* ViewController.h */ = {isa = PBXFileReference; lastKnownFileType = sourcecode.c.h; path = ViewController.h; sourceTree = "<group>"; };
		648914D41B8CC56B0078F055 /* ViewController.m */ = {isa = PBXFileReference; lastKnownFileType = sourcecode.c.objc; path = ViewController.m; sourceTree = "<group>"; };
		648914D71B8CC56B0078F055 /* Base */ = {isa = PBXFileReference; lastKnownFileType = file.storyboard; name = Base; path = Base.lproj/Main.storyboard; sourceTree = "<group>"; };
		648914D91B8CC56B0078F055 /* Images.xcassets */ = {isa = PBXFileReference; lastKnownFileType = folder.assetcatalog; path = Images.xcassets; sourceTree = "<group>"; };
		648914DC1B8CC56B0078F055 /* Base */ = {isa = PBXFileReference; lastKnownFileType = file.xib; name = Base; path = Base.lproj/LaunchScreen.xib; sourceTree = "<group>"; };
		648914E21B8CC56B0078F055 /* scrollViewTests.xctest */ = {isa = PBXFileReference; explicitFileType = wrapper.cfbundle; includeInIndex = 0; path = scrollViewTests.xctest; sourceTree = BUILT_PRODUCTS_DIR; };
		648914E71B8CC56B0078F055 /* Info.plist */ = {isa = PBXFileReference; lastKnownFileType = text.plist.xml; path = Info.plist; sourceTree = "<group>"; };
		648914E81B8CC56B0078F055 /* scrollViewTests.m */ = {isa = PBXFileReference; lastKnownFileType = sourcecode.c.objc; path = scrollViewTests.m; sourceTree = "<group>"; };
/* End PBXFileReference section */

/* Begin PBXFrameworksBuildPhase section */
		648914C61B8CC56B0078F055 /* Frameworks */ = {
			isa = PBXFrameworksBuildPhase;
			buildActionMask = 2147483647;
			files = (
			);
			runOnlyForDeploymentPostprocessing = 0;
		};
		648914DF1B8CC56B0078F055 /* Frameworks */ = {
			isa = PBXFrameworksBuildPhase;
			buildActionMask = 2147483647;
			files = (
			);
			runOnlyForDeploymentPostprocessing = 0;
		};
/* End PBXFrameworksBuildPhase section */

/* Begin PBXGroup section */
		648914C01B8CC56B0078F055 = {
			isa = PBXGroup;
			children = (
				648914CB1B8CC56B0078F055 /* scrollView */,
				648914E51B8CC56B0078F055 /* scrollViewTests */,
				648914CA1B8CC56B0078F055 /* Products */,
			);
			sourceTree = "<group>";
		};
		648914CA1B8CC56B0078F055 /* Products */ = {
			isa = PBXGroup;
			children = (
				648914C91B8CC56B0078F055 /* scrollView.app */,
				648914E21B8CC56B0078F055 /* scrollViewTests.xctest */,
			);
			name = Products;
			sourceTree = "<group>";
		};
		648914CB1B8CC56B0078F055 /* scrollView */ = {
			isa = PBXGroup;
			children = (
				648914D01B8CC56B0078F055 /* AppDelegate.h */,
				648914D11B8CC56B0078F055 /* AppDelegate.m */,
				648914D31B8CC56B0078F055 /* ViewController.h */,
				648914D41B8CC56B0078F055 /* ViewController.m */,
				648914D61B8CC56B0078F055 /* Main.storyboard */,
				648914D91B8CC56B0078F055 /* Images.xcassets */,
				648914DB1B8CC56B0078F055 /* LaunchScreen.xib */,
				648914CC1B8CC56B0078F055 /* Supporting Files */,
			);
			path = scrollView;
			sourceTree = "<group>";
		};
		648914CC1B8CC56B0078F055 /* Supporting Files */ = {
			isa = PBXGroup;
			children = (
				648914CD1B8CC56B0078F055 /* Info.plist */,
				648914CE1B8CC56B0078F055 /* main.m */,
			);
			name = "Supporting Files";
			sourceTree = "<group>";
		};
		648914E51B8CC56B0078F055 /* scrollViewTests */ = {
			isa = PBXGroup;
			children = (
				648914E81B8CC56B0078F055 /* scrollViewTests.m */,
				648914E61B8CC56B0078F055 /* Supporting Files */,
			);
			path = scrollViewTests;
			sourceTree = "<group>";
		};
		648914E61B8CC56B0078F055 /* Supporting Files */ = {
			isa = PBXGroup;
			children = (
				648914E71B8CC56B0078F055 /* Info.plist */,
			);
			name = "Supporting Files";
			sourceTree = "<group>";
		};
/* End PBXGroup section */

/* Begin PBXNativeTarget section */
		648914C81B8CC56B0078F055 /* scrollView */ = {
			isa = PBXNativeTarget;
			buildConfigurationList = 648914EC1B8CC56B0078F055 /* Build configuration list for PBXNativeTarget "scrollView" */;
			buildPhases = (
				648914C51B8CC56B0078F055 /* Sources */,
				648914C61B8CC56B0078F055 /* Frameworks */,
				648914C71B8CC56B0078F055 /* Resources */,
			);
			buildRules = (
			);
			dependencies = (
			);
			name = scrollView;
			productName = scrollView;
			productReference = 648914C91B8CC56B0078F055 /* scrollView.app */;
			productType = "com.apple.product-type.application";
		};
		648914E11B8CC56B0078F055 /* scrollViewTests */ = {
			isa = PBXNativeTarget;
			buildConfigurationList = 648914EF1B8CC56B0078F055 /* Build configuration list for PBXNativeTarget "scrollViewTests" */;
			buildPhases = (
				648914DE1B8CC56B0078F055 /* Sources */,
				648914DF1B8CC56B0078F055 /* Frameworks */,
				648914E01B8CC56B0078F055 /* Resources */,
			);
			buildRules = (
			);
			dependencies = (
				648914E41B8CC56B0078F055 /* PBXTargetDependency */,
			);
			name = scrollViewTests;
			productName = scrollViewTests;
			productReference = 648914E21B8CC56B0078F055 /* scrollViewTests.xctest */;
			productType = "com.apple.product-type.bundle.unit-test";
		};
/* End PBXNativeTarget section */

/* Begin PBXProject section */
		648914C11B8CC56B0078F055 /* Project object */ = {
			isa = PBXProject;
			attributes = {
				LastUpgradeCheck = 0640;
				ORGANIZATIONNAME = "Wallace Goncalves de Oliveira";
				TargetAttributes = {
					648914C81B8CC56B0078F055 = {
						CreatedOnToolsVersion = 6.4;
					};
					648914E11B8CC56B0078F055 = {
						CreatedOnToolsVersion = 6.4;
						TestTargetID = 648914C81B8CC56B0078F055;
					};
				};
			};
			buildConfigurationList = 648914C41B8CC56B0078F055 /* Build configuration list for PBXProject "scrollView" */;
			compatibilityVersion = "Xcode 3.2";
			developmentRegion = English;
			hasScannedForEncodings = 0;
			knownRegions = (
				en,
				Base,
			);
			mainGroup = 648914C01B8CC56B0078F055;
			productRefGroup = 648914CA1B8CC56B0078F055 /* Products */;
			projectDirPath = "";
			projectRoot = "";
			targets = (
				648914C81B8CC56B0078F055 /* scrollView */,
				648914E11B8CC56B0078F055 /* scrollViewTests */,
			);
		};
/* End PBXProject section */

/* Begin PBXResourcesBuildPhase section */
		648914C71B8CC56B0078F055 /* Resources */ = {
			isa = PBXResourcesBuildPhase;
			buildActionMask = 2147483647;
			files = (
				648914D81B8CC56B0078F055 /* Main.storyboard in Resources */,
				648914DD1B8CC56B0078F055 /* LaunchScreen.xib in Resources */,
				648914DA1B8CC56B0078F055 /* Images.xcassets in Resources */,
			);
			runOnlyForDeploymentPostprocessing = 0;
		};
		648914E01B8CC56B0078F055 /* Resources */ = {
			isa = PBXResourcesBuildPhase;
			buildActionMask = 2147483647;
			files = (
			);
			runOnlyForDeploymentPostprocessing = 0;
		};
/* End PBXResourcesBuildPhase section */

/* Begin PBXSourcesBuildPhase section */
		648914C51B8CC56B0078F055 /* Sources */ = {
			isa = PBXSourcesBuildPhase;
			buildActionMask = 2147483647;
			files = (
				648914D51B8CC56B0078F055 /* ViewController.m in Sources */,
				648914D21B8CC56B0078F055 /* AppDelegate.m in Sources */,
				648914CF1B8CC56B0078F055 /* main.m in Sources */,
			);
			runOnlyForDeploymentPostprocessing = 0;
		};
		648914DE1B8CC56B0078F055 /* Sources */ = {
			isa = PBXSourcesBuildPhase;
			buildActionMask = 2147483647;
			files = (
				648914E91B8CC56B0078F055 /* scrollViewTests.m in Sources */,
			);
			runOnlyForDeploymentPostprocessing = 0;
		};
/* End PBXSourcesBuildPhase section */

/* Begin PBXTargetDependency section */
		648914E41B8CC56B0078F055 /* PBXTargetDependency */ = {
			isa = PBXTargetDependency;
			target = 648914C81B8CC56B0078F055 /* scrollView */;
			targetProxy = 648914E31B8CC56B0078F055 /* PBXContainerItemProxy */;
		};
/* End PBXTargetDependency section */

/* Begin PBXVariantGroup section */
		648914D61B8CC56B0078F055 /* Main.storyboard */ = {
			isa = PBXVariantGroup;
			children = (
				648914D71B8CC56B0078F055 /* Base */,
			);
			name = Main.storyboard;
			sourceTree = "<group>";
		};
		648914DB1B8CC56B0078F055 /* LaunchScreen.xib */ = {
			isa = PBXVariantGroup;
			children = (
				648914DC1B8CC56B0078F055 /* Base */,
			);
			name = LaunchScreen.xib;
			sourceTree = "<group>";
		};
/* End PBXVariantGroup section */

/* Begin XCBuildConfiguration section */
		648914EA1B8CC56B0078F055 /* Debug */ = {
			isa = XCBuildConfiguration;
			buildSettings = {
				ALWAYS_SEARCH_USER_PATHS = NO;
				CLANG_CXX_LANGUAGE_STANDARD = "gnu++0x";
				CLANG_CXX_LIBRARY = "libc++";
				CLANG_ENABLE_MODULES = YES;
				CLANG_ENABLE_OBJC_ARC = YES;
				CLANG_WARN_BOOL_CONVERSION = YES;
				CLANG_WARN_CONSTANT_CONVERSION = YES;
				CLANG_WARN_DIRECT_OBJC_ISA_USAGE = YES_ERROR;
				CLANG_WARN_EMPTY_BODY = YES;
				CLANG_WARN_ENUM_CONVERSION = YES;
				CLANG_WARN_INT_CONVERSION = YES;
				CLANG_WARN_OBJC_ROOT_CLASS = YES_ERROR;
				CLANG_WARN_UNREACHABLE_CODE = YES;
				CLANG_WARN__DUPLICATE_METHOD_MATCH = YES;
				"CODE_SIGN_IDENTITY[sdk=iphoneos*]" = "iPhone Developer";
				COPY_PHASE_STRIP = NO;
				DEBUG_INFORMATION_FORMAT = "dwarf-with-dsym";
				ENABLE_STRICT_OBJC_MSGSEND = YES;
				GCC_C_LANGUAGE_STANDARD = gnu99;
				GCC_DYNAMIC_NO_PIC = NO;
				GCC_NO_COMMON_BLOCKS = YES;
				GCC_OPTIMIZATION_LEVEL = 0;
				GCC_PREPROCESSOR_DEFINITIONS = (
					"DEBUG=1",
					"$(inherited)",
				);
				GCC_SYMBOLS_PRIVATE_EXTERN = NO;
				GCC_WARN_64_TO_32_BIT_CONVERSION = YES;
				GCC_WARN_ABOUT_RETURN_TYPE = YES_ERROR;
				GCC_WARN_UNDECLARED_SELECTOR = YES;
				GCC_WARN_UNINITIALIZED_AUTOS = YES_AGGRESSIVE;
				GCC_WARN_UNUSED_FUNCTION = YES;
				GCC_WARN_UNUSED_VARIABLE = YES;
				IPHONEOS_DEPLOYMENT_TARGET = 8.4;
				MTL_ENABLE_DEBUG_INFO = YES;
				ONLY_ACTIVE_ARCH = YES;
				SDKROOT = iphoneos;
			};
			name = Debug;
		};
		648914EB1B8CC56B0078F055 /* Release */ = {
			isa = XCBuildConfiguration;
			buildSettings = {
				ALWAYS_SEARCH_USER_PATHS = NO;
				CLANG_CXX_LANGUAGE_STANDARD = "gnu++0x";
				CLANG_CXX_LIBRARY = "libc++";
				CLANG_ENABLE_MODULES = YES;
				CLANG_ENABLE_OBJC_ARC = YES;
				CLANG_WARN_BOOL_CONVERSION = YES;
				CLANG_WARN_CONSTANT_CONVERSION = YES;
				CLANG_WARN_DIRECT_OBJC_ISA_USAGE = YES_ERROR;
				CLANG_WARN_EMPTY_BODY = YES;
				CLANG_WARN_ENUM_CONVERSION = YES;
				CLANG_WARN_INT_CONVERSION = YES;
				CLANG_WARN_OBJC_ROOT_CLASS = YES_ERROR;
				CLANG_WARN_UNREACHABLE_CODE = YES;
				CLANG_WARN__DUPLICATE_METHOD_MATCH = YES;
				"CODE_SIGN_IDENTITY[sdk=iphoneos*]" = "iPhone Developer";
				COPY_PHASE_STRIP = NO;
				DEBUG_INFORMATION_FORMAT = "dwarf-with-dsym";
				ENABLE_NS_ASSERTIONS = NO;
				ENABLE_STRICT_OBJC_MSGSEND = YES;
				GCC_C_LANGUAGE_STANDARD = gnu99;
				GCC_NO_COMMON_BLOCKS = YES;
				GCC_WARN_64_TO_32_BIT_CONVERSION = YES;
				GCC_WARN_ABOUT_RETURN_TYPE = YES_ERROR;
				GCC_WARN_UNDECLARED_SELECTOR = YES;
				GCC_WARN_UNINITIALIZED_AUTOS = YES_AGGRESSIVE;
				GCC_WARN_UNUSED_FUNCTION = YES;
				GCC_WARN_UNUSED_VARIABLE = YES;
				IPHONEOS_DEPLOYMENT_TARGET = 8.4;
				MTL_ENABLE_DEBUG_INFO = NO;
				SDKROOT = iphoneos;
				VALIDATE_PRODUCT = YES;
			};
			name = Release;
		};
		648914ED1B8CC56B0078F055 /* Debug */ = {
			isa = XCBuildConfiguration;
			buildSettings = {
				ASSETCATALOG_COMPILER_APPICON_NAME = AppIcon;
				INFOPLIST_FILE = scrollView/Info.plist;
				LD_RUNPATH_SEARCH_PATHS = "$(inherited) @executable_path/Frameworks";
				PRODUCT_NAME = "$(TARGET_NAME)";
			};
			name = Debug;
		};
		648914EE1B8CC56B0078F055 /* Release */ = {
			isa = XCBuildConfiguration;
			buildSettings = {
				ASSETCATALOG_COMPILER_APPICON_NAME = AppIcon;
				INFOPLIST_FILE = scrollView/Info.plist;
				LD_RUNPATH_SEARCH_PATHS = "$(inherited) @executable_path/Frameworks";
				PRODUCT_NAME = "$(TARGET_NAME)";
			};
			name = Release;
		};
		648914F01B8CC56B0078F055 /* Debug */ = {
			isa = XCBuildConfiguration;
			buildSettings = {
				BUNDLE_LOADER = "$(TEST_HOST)";
				FRAMEWORK_SEARCH_PATHS = (
					"$(SDKROOT)/Developer/Library/Frameworks",
					"$(inherited)",
				);
				GCC_PREPROCESSOR_DEFINITIONS = (
					"DEBUG=1",
					"$(inherited)",
				);
				INFOPLIST_FILE = scrollViewTests/Info.plist;
				LD_RUNPATH_SEARCH_PATHS = "$(inherited) @executable_path/Frameworks @loader_path/Frameworks";
				PRODUCT_NAME = "$(TARGET_NAME)";
				TEST_HOST = "$(BUILT_PRODUCTS_DIR)/scrollView.app/scrollView";
			};
			name = Debug;
		};
		648914F11B8CC56B0078F055 /* Release */ = {
			isa = XCBuildConfiguration;
			buildSettings = {
				BUNDLE_LOADER = "$(TEST_HOST)";
				FRAMEWORK_SEARCH_PATHS = (
					"$(SDKROOT)/Developer/Library/Frameworks",
					"$(inherited)",
				);
				INFOPLIST_FILE = scrollViewTests/Info.plist;
				LD_RUNPATH_SEARCH_PATHS = "$(inherited) @executable_path/Frameworks @loader_path/Frameworks";
				PRODUCT_NAME = "$(TARGET_NAME)";
				TEST_HOST = "$(BUILT_PRODUCTS_DIR)/scrollView.app/scrollView";
			};
			name = Release;
		};
/* End XCBuildConfiguration section */

/* Begin XCConfigurationList section */
		648914C41B8CC56B0078F055 /* Build configuration list for PBXProject "scrollView" */ = {
			isa = XCConfigurationList;
			buildConfigurations = (
				648914EA1B8CC56B0078F055 /* Debug */,
				648914EB1B8CC56B0078F055 /* Release */,
			);
			defaultConfigurationIsVisible = 0;
			defaultConfigurationName = Release;
		};
		648914EC1B8CC56B0078F055 /* Build configuration list for PBXNativeTarget "scrollView" */ = {
			isa = XCConfigurationList;
			buildConfigurations = (
				648914ED1B8CC56B0078F055 /* Debug */,
				648914EE1B8CC56B0078F055 /* Release */,
			);
			defaultConfigurationIsVisible = 0;
		};
		648914EF1B8CC56B0078F055 /* Build configuration list for PBXNativeTarget "scrollViewTests" */ = {
			isa = XCConfigurationList;
			buildConfigurations = (
				648914F01B8CC56B0078F055 /* Debug */,
				648914F11B8CC56B0078F055 /* Release */,
			);
			defaultConfigurationIsVisible = 0;
		};
/* End XCConfigurationList section */
	};
	rootObject = 648914C11B8CC56B0078F055 /* Project object */;
}
